
Microsoft Visual Studio Solution File, Format Version 12.00
# Visual Studio Version 16
VisualStudioVersion = 16.0.810.22
MinimumVisualStudioVersion = 10.0.40219.1
Project("{FAE04EC0-301F-11D3-BF4B-00C04F79EFBC}") = "GenericsAssignment", "GenericsAssignment.csproj", "{F5B96B58-9690-49F9-A5B9-02AE74BC6C13}"
EndProject
Global
	GlobalSection(SolutionConfigurationPlatforms) = preSolution
		Debug|anycpu = Debug|anycpu
		Release|anycpu = Release|anycpu
	EndGlobalSection
	GlobalSection(ProjectConfigurationPlatforms) = postSolution
		{F5B96B58-9690-49F9-A5B9-02AE74BC6C13}.Debug|anycpu.ActiveCfg = Debug|anycpu
		{F5B96B58-9690-49F9-A5B9-02AE74BC6C13}.Debug|anycpu.Build.0 = Debug|anycpu
		{F5B96B58-9690-49F9-A5B9-02AE74BC6C13}.Release|anycpu.ActiveCfg = Release|anycpu
		{F5B96B58-9690-49F9-A5B9-02AE74BC6C13}.Release|anycpu.Build.0 = Release|anycpu
	EndGlobalSection
	GlobalSection(SolutionProperties) = preSolution
		HideSolutionNode = FALSE
	EndGlobalSection
	GlobalSection(ExtensibilityGlobals) = postSolution
		SolutionGuid = {5D099502-DD93-4E2B-A712-F6CF91AB653A}
	EndGlobalSection
EndGlobal
